
Microsoft Visual Studio Solution File, Format Version 12.00
# Visual Studio Version 16
VisualStudioVersion = 16.0.31729.503
MinimumVisualStudioVersion = 10.0.40219.1
Project("{FAE04EC0-301F-11D3-BF4B-00C04F79EFBC}") = "HastaneUyulaması", "HastaneUyulaması\HastaneUyulaması.csproj", "{F6401934-345C-4CB8-80B9-49D5AE1B2DF9}"
EndProject
Global
	GlobalSection(SolutionConfigurationPlatforms) = preSolution
		Debug|Any CPU = Debug|Any CPU
		Release|Any CPU = Release|Any CPU
	EndGlobalSection
	GlobalSection(ProjectConfigurationPlatforms) = postSolution
		{F6401934-345C-4CB8-80B9-49D5AE1B2DF9}.Debug|Any CPU.ActiveCfg = Debug|Any CPU
		{F6401934-345C-4CB8-80B9-49D5AE1B2DF9}.Debug|Any CPU.Build.0 = Debug|Any CPU
		{F6401934-345C-4CB8-80B9-49D5AE1B2DF9}.Release|Any CPU.ActiveCfg = Release|Any CPU
		{F6401934-345C-4CB8-80B9-49D5AE1B2DF9}.Release|Any CPU.Build.0 = Release|Any CPU
	EndGlobalSection
	GlobalSection(SolutionProperties) = preSolution
		HideSolutionNode = FALSE
	EndGlobalSection
	GlobalSection(ExtensibilityGlobals) = postSolution
		SolutionGuid = {F1415F3B-5996-4C78-945B-7C48C39A703D}
	EndGlobalSection
EndGlobal
